{
  "version": "5",
  "specifiers": {
    "jsr:@std/internal@^1.0.9": "1.0.9",
    "jsr:@std/path@^1.1.1": "1.1.1"
  },
  "jsr": {
    "@std/internal@1.0.9": {
      "integrity": "bdfb97f83e4db7a13e8faab26fb1958d1b80cc64366501af78a0aee151696eb8"
    },
    "@std/path@1.1.1": {
      "integrity": "fe00026bd3a7e6a27f73709b83c607798be40e20c81dde655ce34052fd82ec76",
      "dependencies": [
        "jsr:@std/internal"
      ]
    }
  },
  "workspace": {
    "dependencies": [
      "jsr:@std/path@^1.1.1"
    ]
  }
}
